
Microsoft Visual Studio Solution File, Format Version 12.00
# Visual Studio 15
VisualStudioVersion = 15.0.28307.168
MinimumVisualStudioVersion = 10.0.40219.1
Project("{9A19103F-16F7-4668-BE54-9A1E7A4F7556}") = "Recipes.Domain", "src\Recipes.Domain\Recipes.Domain.csproj", "{0B60E96D-5378-4EBA-AB8D-C6157EDCD55A}"
EndProject
Project("{9A19103F-16F7-4668-BE54-9A1E7A4F7556}") = "Recipes.Domain.Core", "src\Recipes.Domain.Core\Recipes.Domain.Core.csproj", "{A4E48BA6-5B91-4AD0-BAB6-17D89AB0D79F}"
EndProject
Project("{FAE04EC0-301F-11D3-BF4B-00C04F79EFBC}") = "Recipes.Infra.Data", "src\Recipes.Infra.Data\Recipes.Infra.Data.csproj", "{593CEB9D-FDE5-4DC2-B8C4-2E0E5528A294}"
EndProject
Project("{FAE04EC0-301F-11D3-BF4B-00C04F79EFBC}") = "Recipes.Infra.IoC", "src\Recipes.Infra.IoC\Recipes.Infra.IoC.csproj", "{7807F7A8-B824-4C22-9F6F-FB62CC6ABE1A}"
EndProject
Project("{FAE04EC0-301F-11D3-BF4B-00C04F79EFBC}") = "Recipes.Api", "src\Recipes.Api\Recipes.Api.csproj", "{70B70696-51E5-4859-87C0-39A683B2EC37}"
EndProject
Global
	GlobalSection(SolutionConfigurationPlatforms) = preSolution
		Debug|Any CPU = Debug|Any CPU
		Release|Any CPU = Release|Any CPU
	EndGlobalSection
	GlobalSection(ProjectConfigurationPlatforms) = postSolution
		{0B60E96D-5378-4EBA-AB8D-C6157EDCD55A}.Debug|Any CPU.ActiveCfg = Debug|Any CPU
		{0B60E96D-5378-4EBA-AB8D-C6157EDCD55A}.Debug|Any CPU.Build.0 = Debug|Any CPU
		{0B60E96D-5378-4EBA-AB8D-C6157EDCD55A}.Release|Any CPU.ActiveCfg = Release|Any CPU
		{0B60E96D-5378-4EBA-AB8D-C6157EDCD55A}.Release|Any CPU.Build.0 = Release|Any CPU
		{A4E48BA6-5B91-4AD0-BAB6-17D89AB0D79F}.Debug|Any CPU.ActiveCfg = Debug|Any CPU
		{A4E48BA6-5B91-4AD0-BAB6-17D89AB0D79F}.Debug|Any CPU.Build.0 = Debug|Any CPU
		{A4E48BA6-5B91-4AD0-BAB6-17D89AB0D79F}.Release|Any CPU.ActiveCfg = Release|Any CPU
		{A4E48BA6-5B91-4AD0-BAB6-17D89AB0D79F}.Release|Any CPU.Build.0 = Release|Any CPU
		{593CEB9D-FDE5-4DC2-B8C4-2E0E5528A294}.Debug|Any CPU.ActiveCfg = Debug|Any CPU
		{593CEB9D-FDE5-4DC2-B8C4-2E0E5528A294}.Debug|Any CPU.Build.0 = Debug|Any CPU
		{593CEB9D-FDE5-4DC2-B8C4-2E0E5528A294}.Release|Any CPU.ActiveCfg = Release|Any CPU
		{593CEB9D-FDE5-4DC2-B8C4-2E0E5528A294}.Release|Any CPU.Build.0 = Release|Any CPU
		{7807F7A8-B824-4C22-9F6F-FB62CC6ABE1A}.Debug|Any CPU.ActiveCfg = Debug|Any CPU
		{7807F7A8-B824-4C22-9F6F-FB62CC6ABE1A}.Debug|Any CPU.Build.0 = Debug|Any CPU
		{7807F7A8-B824-4C22-9F6F-FB62CC6ABE1A}.Release|Any CPU.ActiveCfg = Release|Any CPU
		{7807F7A8-B824-4C22-9F6F-FB62CC6ABE1A}.Release|Any CPU.Build.0 = Release|Any CPU
		{70B70696-51E5-4859-87C0-39A683B2EC37}.Debug|Any CPU.ActiveCfg = Debug|Any CPU
		{70B70696-51E5-4859-87C0-39A683B2EC37}.Debug|Any CPU.Build.0 = Debug|Any CPU
		{70B70696-51E5-4859-87C0-39A683B2EC37}.Release|Any CPU.ActiveCfg = Release|Any CPU
		{70B70696-51E5-4859-87C0-39A683B2EC37}.Release|Any CPU.Build.0 = Release|Any CPU
	EndGlobalSection
	GlobalSection(SolutionProperties) = preSolution
		HideSolutionNode = FALSE
	EndGlobalSection
	GlobalSection(ExtensibilityGlobals) = postSolution
		SolutionGuid = {3FD8F4E2-6B6C-437C-915E-83C07EF58D08}
	EndGlobalSection
EndGlobal
